
Microsoft Visual Studio Solution File, Format Version 12.00
# Visual Studio Version 17
VisualStudioVersion = 17.7.34221.43
MinimumVisualStudioVersion = 10.0.40219.1
Project("{FAE04EC0-301F-11D3-BF4B-00C04F79EFBC}") = "CodePulse_API", "CodePulse_API\CodePulse_API.csproj", "{A212EB10-729D-48CD-997F-C3F953BC7EC6}"
EndProject
Global
	GlobalSection(SolutionConfigurationPlatforms) = preSolution
		Debug|Any CPU = Debug|Any CPU
		Release|Any CPU = Release|Any CPU
	EndGlobalSection
	GlobalSection(ProjectConfigurationPlatforms) = postSolution
		{A212EB10-729D-48CD-997F-C3F953BC7EC6}.Debug|Any CPU.ActiveCfg = Debug|Any CPU
		{A212EB10-729D-48CD-997F-C3F953BC7EC6}.Debug|Any CPU.Build.0 = Debug|Any CPU
		{A212EB10-729D-48CD-997F-C3F953BC7EC6}.Release|Any CPU.ActiveCfg = Release|Any CPU
		{A212EB10-729D-48CD-997F-C3F953BC7EC6}.Release|Any CPU.Build.0 = Release|Any CPU
	EndGlobalSection
	GlobalSection(SolutionProperties) = preSolution
		HideSolutionNode = FALSE
	EndGlobalSection
	GlobalSection(ExtensibilityGlobals) = postSolution
		SolutionGuid = {C7D2BB8F-4338-4881-806B-7407F938B7D7}
	EndGlobalSection
EndGlobal
